<?xml version="1.0" encoding="utf-8"?>
<Project ToolsVersion="4.0" xmlns="http://schemas.microsoft.com/developer/msbuild/2003">
  <ItemGroup>
    <Filter Include="style_element">
      <UniqueIdentifier>{ed7a40cf-6e1e-452d-b919-ba4377cdfa34}</UniqueIdentifier>
    </Filter>
    <Filter Include="thread_pool">
      <UniqueIdentifier>{817ad926-54b2-4c4a-973a-6dc665fbbaad}</UniqueIdentifier>
    </Filter>
    <Filter Include="widget_interface">
      <UniqueIdentifier>{2e26127e-8059-4506-8c1e-e5fa9f243b95}</UniqueIdentifier>
    </Filter>
    <Filter Include="widget">
      <UniqueIdentifier>{d6b945da-9595-4aff-9694-ddb4abdd2799}</UniqueIdentifier>
    </Filter>
    <Filter Include="widget\rectangle">
      <UniqueIdentifier>{9272ed0b-8a26-458c-a7b2-c9c8bb010588}</UniqueIdentifier>
    </Filter>
    <Filter Include="widget\card">
      <UniqueIdentifier>{6bb96bc3-ba09-4bb8-b029-fab321f9a4f1}</UniqueIdentifier>
    </Filter>
    <Filter Include="art">
      <UniqueIdentifier>{c5780451-b52c-482d-9a48-a2e1b16d00b9}</UniqueIdentifier>
    </Filter>
    <Filter Include="lua">
      <UniqueIdentifier>{59e0a93c-aa26-4d6f-a333-0818623d2c0d}</UniqueIdentifier>
    </Filter>
    <Filter Include="scripts">
      <UniqueIdentifier>{d1104b60-9157-4fa5-816f-82d8815d0850}</UniqueIdentifier>
    </Filter>
    <Filter Include="widget\button">
      <UniqueIdentifier>{56bb3da1-34bd-4071-a095-874278d9cfe0}</UniqueIdentifier>
    </Filter>
    <Filter Include="widget\slider">
      <UniqueIdentifier>{1b473e1f-47b6-4819-9d3f-873b9811f156}</UniqueIdentifier>
    </Filter>
    <Filter Include="hash">
      <UniqueIdentifier>{9c016a3b-ba3c-40e4-9d2c-b41745712971}</UniqueIdentifier>
    </Filter>
    <Filter Include="piece_manager">
      <UniqueIdentifier>{544d5bbc-863e-46b8-a67b-9d9cd6e6ae64}</UniqueIdentifier>
    </Filter>
    <Filter Include="piece_manager\pieces">
      <UniqueIdentifier>{bbc4b4a2-26f4-4db5-bbf0-ac35fe82bbbf}</UniqueIdentifier>
    </Filter>
  </ItemGroup>
  <ItemGroup>
    <ClCompile Include="style_element.c">
      <Filter>style_element</Filter>
    </ClCompile>
    <ClCompile Include="thread_pool.c">
      <Filter>thread_pool</Filter>
    </ClCompile>
    <ClCompile Include="main.c" />
    <ClCompile Include="widget_interface.c">
      <Filter>widget_interface</Filter>
    </ClCompile>
    <ClCompile Include="rectangle.c">
      <Filter>widget\rectangle</Filter>
    </ClCompile>
    <ClCompile Include="card.c">
      <Filter>widget\card</Filter>
    </ClCompile>
    <ClCompile Include="lua\lapi.c">
      <Filter>lua</Filter>
    </ClCompile>
    <ClCompile Include="lua\lauxlib.c">
      <Filter>lua</Filter>
    </ClCompile>
    <ClCompile Include="lua\lbaselib.c">
      <Filter>lua</Filter>
    </ClCompile>
    <ClCompile Include="lua\lcode.c">
      <Filter>lua</Filter>
    </ClCompile>
    <ClCompile Include="lua\lcorolib.c">
      <Filter>lua</Filter>
    </ClCompile>
    <ClCompile Include="lua\lctype.c">
      <Filter>lua</Filter>
    </ClCompile>
    <ClCompile Include="lua\ldblib.c">
      <Filter>lua</Filter>
    </ClCompile>
    <ClCompile Include="lua\ldebug.c">
      <Filter>lua</Filter>
    </ClCompile>
    <ClCompile Include="lua\ldo.c">
      <Filter>lua</Filter>
    </ClCompile>
    <ClCompile Include="lua\ldump.c">
      <Filter>lua</Filter>
    </ClCompile>
    <ClCompile Include="lua\lfunc.c">
      <Filter>lua</Filter>
    </ClCompile>
    <ClCompile Include="lua\lgc.c">
      <Filter>lua</Filter>
    </ClCompile>
    <ClCompile Include="lua\linit.c">
      <Filter>lua</Filter>
    </ClCompile>
    <ClCompile Include="lua\liolib.c">
      <Filter>lua</Filter>
    </ClCompile>
    <ClCompile Include="lua\llex.c">
      <Filter>lua</Filter>
    </ClCompile>
    <ClCompile Include="lua\lmathlib.c">
      <Filter>lua</Filter>
    </ClCompile>
    <ClCompile Include="lua\lmem.c">
      <Filter>lua</Filter>
    </ClCompile>
    <ClCompile Include="lua\loadlib.c">
      <Filter>lua</Filter>
    </ClCompile>
    <ClCompile Include="lua\lobject.c">
      <Filter>lua</Filter>
    </ClCompile>
    <ClCompile Include="lua\lopcodes.c">
      <Filter>lua</Filter>
    </ClCompile>
    <ClCompile Include="lua\loslib.c">
      <Filter>lua</Filter>
    </ClCompile>
    <ClCompile Include="lua\lparser.c">
      <Filter>lua</Filter>
    </ClCompile>
    <ClCompile Include="lua\lstate.c">
      <Filter>lua</Filter>
    </ClCompile>
    <ClCompile Include="lua\lstring.c">
      <Filter>lua</Filter>
    </ClCompile>
    <ClCompile Include="lua\lstrlib.c">
      <Filter>lua</Filter>
    </ClCompile>
    <ClCompile Include="lua\ltable.c">
      <Filter>lua</Filter>
    </ClCompile>
    <ClCompile Include="lua\ltablib.c">
      <Filter>lua</Filter>
    </ClCompile>
    <ClCompile Include="lua\ltm.c">
      <Filter>lua</Filter>
    </ClCompile>
    <ClCompile Include="lua\lundump.c">
      <Filter>lua</Filter>
    </ClCompile>
    <ClCompile Include="lua\lutf8lib.c">
      <Filter>lua</Filter>
    </ClCompile>
    <ClCompile Include="lua\lvm.c">
      <Filter>lua</Filter>
    </ClCompile>
    <ClCompile Include="lua\lzio.c">
      <Filter>lua</Filter>
    </ClCompile>
    <ClCompile Include="font_loader.c" />
    <ClCompile Include="button.c">
      <Filter>widget\button</Filter>
    </ClCompile>
    <ClCompile Include="slider.c">
      <Filter>widget\slider</Filter>
    </ClCompile>
    <ClCompile Include="transform_utility.c" />
    <ClCompile Include="hash.c">
      <Filter>hash</Filter>
    </ClCompile>
    <ClCompile Include="piece_manager.c">
      <Filter>piece_manager</Filter>
    </ClCompile>
    <ClCompile Include="checker.c">
      <Filter>piece_manager\pieces</Filter>
    </ClCompile>
    <ClCompile Include="square.c">
      <Filter>piece_manager\pieces</Filter>
    </ClCompile>
  </ItemGroup>
  <ItemGroup>
    <ClInclude Include="style_element.h">
      <Filter>style_element</Filter>
    </ClInclude>
    <ClInclude Include="thread_pool.h">
      <Filter>thread_pool</Filter>
    </ClInclude>
    <ClInclude Include="widget_interface.h">
      <Filter>widget_interface</Filter>
    </ClInclude>
    <ClInclude Include="card.h">
      <Filter>widget\card</Filter>
    </ClInclude>
    <ClInclude Include="lua\lapi.h">
      <Filter>lua</Filter>
    </ClInclude>
    <ClInclude Include="lua\lauxlib.h">
      <Filter>lua</Filter>
    </ClInclude>
    <ClInclude Include="lua\lcode.h">
      <Filter>lua</Filter>
    </ClInclude>
    <ClInclude Include="lua\lctype.h">
      <Filter>lua</Filter>
    </ClInclude>
    <ClInclude Include="lua\ldebug.h">
      <Filter>lua</Filter>
    </ClInclude>
    <ClInclude Include="lua\ldo.h">
      <Filter>lua</Filter>
    </ClInclude>
    <ClInclude Include="lua\lfunc.h">
      <Filter>lua</Filter>
    </ClInclude>
    <ClInclude Include="lua\lgc.h">
      <Filter>lua</Filter>
    </ClInclude>
    <ClInclude Include="lua\ljumptab.h">
      <Filter>lua</Filter>
    </ClInclude>
    <ClInclude Include="lua\llex.h">
      <Filter>lua</Filter>
    </ClInclude>
    <ClInclude Include="lua\llimits.h">
      <Filter>lua</Filter>
    </ClInclude>
    <ClInclude Include="lua\lmem.h">
      <Filter>lua</Filter>
    </ClInclude>
    <ClInclude Include="lua\lobject.h">
      <Filter>lua</Filter>
    </ClInclude>
    <ClInclude Include="lua\lopcodes.h">
      <Filter>lua</Filter>
    </ClInclude>
    <ClInclude Include="lua\lopnames.h">
      <Filter>lua</Filter>
    </ClInclude>
    <ClInclude Include="lua\lparser.h">
      <Filter>lua</Filter>
    </ClInclude>
    <ClInclude Include="lua\lprefix.h">
      <Filter>lua</Filter>
    </ClInclude>
    <ClInclude Include="lua\lstate.h">
      <Filter>lua</Filter>
    </ClInclude>
    <ClInclude Include="lua\lstring.h">
      <Filter>lua</Filter>
    </ClInclude>
    <ClInclude Include="lua\ltable.h">
      <Filter>lua</Filter>
    </ClInclude>
    <ClInclude Include="lua\ltm.h">
      <Filter>lua</Filter>
    </ClInclude>
    <ClInclude Include="lua\lua.h">
      <Filter>lua</Filter>
    </ClInclude>
    <ClInclude Include="lua\lua.hpp">
      <Filter>lua</Filter>
    </ClInclude>
    <ClInclude Include="lua\luaconf.h">
      <Filter>lua</Filter>
    </ClInclude>
    <ClInclude Include="lua\lualib.h">
      <Filter>lua</Filter>
    </ClInclude>
    <ClInclude Include="lua\lundump.h">
      <Filter>lua</Filter>
    </ClInclude>
    <ClInclude Include="lua\lvm.h">
      <Filter>lua</Filter>
    </ClInclude>
    <ClInclude Include="lua\lzio.h">
      <Filter>lua</Filter>
    </ClInclude>
    <ClInclude Include="hash.h">
      <Filter>hash</Filter>
    </ClInclude>
    <ClInclude Include="piece_manager.h">
      <Filter>piece_manager</Filter>
    </ClInclude>
  </ItemGroup>
  <ItemGroup>
    <None Include="packages.config" />
    <None Include="boot.lua">
      <Filter>scripts</Filter>
    </None>
    <None Include="post_boot.lua">
      <Filter>scripts</Filter>
    </None>
    <None Include="..\README.md" />
    <None Include="shaders\widget_pixel_shader.glsl">
      <Filter>widget_interface</Filter>
    </None>
    <None Include="shaders\widget_vertex_shader.glsl">
      <Filter>widget_interface</Filter>
    </None>
    <None Include="shaders\style_element_pixel_shader.glsl">
      <Filter>style_element</Filter>
    </None>
    <None Include="shaders\style_element_vertex_shader.glsl">
      <Filter>style_element</Filter>
    </None>
    <None Include="sketch.lua">
      <Filter>scripts</Filter>
    </None>
  </ItemGroup>
  <ItemGroup>
    <Text Include="..\LICENSE.txt" />
  </ItemGroup>
  <ItemGroup>
    <Image Include="res\alex.bmp">
      <Filter>art</Filter>
    </Image>
  </ItemGroup>
</Project>