<?xml version="1.0" encoding="utf-8"?>
<Project ToolsVersion="4.0" xmlns="http://schemas.microsoft.com/developer/msbuild/2003">
  <ItemGroup>
    <Filter Include="scripts">
      <UniqueIdentifier>{d1104b60-9157-4fa5-816f-82d8815d0850}</UniqueIdentifier>
    </Filter>
    <Filter Include="card_render_data">
      <UniqueIdentifier>{2d770f8d-1bd9-4935-8868-94a8c536b14e}</UniqueIdentifier>
    </Filter>
    <Filter Include="scripts\examples">
      <UniqueIdentifier>{290690d1-8945-427a-abef-45b8ae9a30a2}</UniqueIdentifier>
    </Filter>
    <Filter Include="core">
      <UniqueIdentifier>{2fb90481-11e3-4acc-8a13-22c7962a76cc}</UniqueIdentifier>
    </Filter>
    <Filter Include="core\resource_manager">
      <UniqueIdentifier>{818fcb03-30f7-42b3-877b-9bf11791f03e}</UniqueIdentifier>
    </Filter>
    <Filter Include="core\thread_pool">
      <UniqueIdentifier>{817ad926-54b2-4c4a-973a-6dc665fbbaad}</UniqueIdentifier>
    </Filter>
    <Filter Include="core\widget_interface">
      <UniqueIdentifier>{2e26127e-8059-4506-8c1e-e5fa9f243b95}</UniqueIdentifier>
    </Filter>
    <Filter Include="core\lua">
      <UniqueIdentifier>{59e0a93c-aa26-4d6f-a333-0818623d2c0d}</UniqueIdentifier>
    </Filter>
    <Filter Include="core\hash">
      <UniqueIdentifier>{9c016a3b-ba3c-40e4-9d2c-b41745712971}</UniqueIdentifier>
    </Filter>
    <Filter Include="widgets">
      <UniqueIdentifier>{d6b945da-9595-4aff-9694-ddb4abdd2799}</UniqueIdentifier>
    </Filter>
    <Filter Include="widgets\GUI">
      <UniqueIdentifier>{b14fb858-1c43-4e94-ad81-f84b54e6ee58}</UniqueIdentifier>
    </Filter>
    <Filter Include="widgets\test_widgets">
      <UniqueIdentifier>{b0aca275-00e9-49a6-8bfa-fe85e9d0e05e}</UniqueIdentifier>
    </Filter>
    <Filter Include="core\renderer">
      <UniqueIdentifier>{ed7a40cf-6e1e-452d-b919-ba4377cdfa34}</UniqueIdentifier>
    </Filter>
    <Filter Include="core\renderer\components">
      <UniqueIdentifier>{d185aafe-7fd7-4ba6-81d9-59788b204e31}</UniqueIdentifier>
    </Filter>
    <Filter Include="board_manager">
      <UniqueIdentifier>{1102756d-4793-4f4e-963b-80f2a4e68574}</UniqueIdentifier>
    </Filter>
    <Filter Include="board_manager\zones_and_pieces">
      <UniqueIdentifier>{bbc4b4a2-26f4-4db5-bbf0-ac35fe82bbbf}</UniqueIdentifier>
    </Filter>
    <Filter Include="core\scheduler">
      <UniqueIdentifier>{613f8ad6-09e4-4ed9-af51-8891e92d3fcb}</UniqueIdentifier>
    </Filter>
    <Filter Include="core\particle">
      <UniqueIdentifier>{13a4a6e7-f371-4e67-8c41-4b70e9dfa192}</UniqueIdentifier>
    </Filter>
    <Filter Include="particles">
      <UniqueIdentifier>{80cfc549-80e2-4d07-942b-1382a6bc7a94}</UniqueIdentifier>
    </Filter>
  </ItemGroup>
  <ItemGroup>
    <ClCompile Include="renderer_interface.c">
      <Filter>core\renderer</Filter>
    </ClCompile>
    <ClCompile Include="thread_pool.c">
      <Filter>core\thread_pool</Filter>
    </ClCompile>
    <ClCompile Include="main.c" />
    <ClCompile Include="widget_interface.c">
      <Filter>core\widget_interface</Filter>
    </ClCompile>
    <ClCompile Include="lua\lapi.c">
      <Filter>core\lua</Filter>
    </ClCompile>
    <ClCompile Include="lua\lauxlib.c">
      <Filter>core\lua</Filter>
    </ClCompile>
    <ClCompile Include="lua\lbaselib.c">
      <Filter>core\lua</Filter>
    </ClCompile>
    <ClCompile Include="lua\lcode.c">
      <Filter>core\lua</Filter>
    </ClCompile>
    <ClCompile Include="lua\lcorolib.c">
      <Filter>core\lua</Filter>
    </ClCompile>
    <ClCompile Include="lua\lctype.c">
      <Filter>core\lua</Filter>
    </ClCompile>
    <ClCompile Include="lua\ldblib.c">
      <Filter>core\lua</Filter>
    </ClCompile>
    <ClCompile Include="lua\ldebug.c">
      <Filter>core\lua</Filter>
    </ClCompile>
    <ClCompile Include="lua\ldo.c">
      <Filter>core\lua</Filter>
    </ClCompile>
    <ClCompile Include="lua\ldump.c">
      <Filter>core\lua</Filter>
    </ClCompile>
    <ClCompile Include="lua\lfunc.c">
      <Filter>core\lua</Filter>
    </ClCompile>
    <ClCompile Include="lua\lgc.c">
      <Filter>core\lua</Filter>
    </ClCompile>
    <ClCompile Include="lua\linit.c">
      <Filter>core\lua</Filter>
    </ClCompile>
    <ClCompile Include="lua\liolib.c">
      <Filter>core\lua</Filter>
    </ClCompile>
    <ClCompile Include="lua\llex.c">
      <Filter>core\lua</Filter>
    </ClCompile>
    <ClCompile Include="lua\lmathlib.c">
      <Filter>core\lua</Filter>
    </ClCompile>
    <ClCompile Include="lua\lmem.c">
      <Filter>core\lua</Filter>
    </ClCompile>
    <ClCompile Include="lua\loadlib.c">
      <Filter>core\lua</Filter>
    </ClCompile>
    <ClCompile Include="lua\lobject.c">
      <Filter>core\lua</Filter>
    </ClCompile>
    <ClCompile Include="lua\lopcodes.c">
      <Filter>core\lua</Filter>
    </ClCompile>
    <ClCompile Include="lua\loslib.c">
      <Filter>core\lua</Filter>
    </ClCompile>
    <ClCompile Include="lua\lparser.c">
      <Filter>core\lua</Filter>
    </ClCompile>
    <ClCompile Include="lua\lstate.c">
      <Filter>core\lua</Filter>
    </ClCompile>
    <ClCompile Include="lua\lstring.c">
      <Filter>core\lua</Filter>
    </ClCompile>
    <ClCompile Include="lua\lstrlib.c">
      <Filter>core\lua</Filter>
    </ClCompile>
    <ClCompile Include="lua\ltable.c">
      <Filter>core\lua</Filter>
    </ClCompile>
    <ClCompile Include="lua\ltablib.c">
      <Filter>core\lua</Filter>
    </ClCompile>
    <ClCompile Include="lua\ltm.c">
      <Filter>core\lua</Filter>
    </ClCompile>
    <ClCompile Include="lua\lundump.c">
      <Filter>core\lua</Filter>
    </ClCompile>
    <ClCompile Include="lua\lutf8lib.c">
      <Filter>core\lua</Filter>
    </ClCompile>
    <ClCompile Include="lua\lvm.c">
      <Filter>core\lua</Filter>
    </ClCompile>
    <ClCompile Include="lua\lzio.c">
      <Filter>core\lua</Filter>
    </ClCompile>
    <ClCompile Include="miscellaneous.c" />
    <ClCompile Include="hash.c">
      <Filter>core\hash</Filter>
    </ClCompile>
    <ClCompile Include="checker.c">
      <Filter>board_manager\zones_and_pieces</Filter>
    </ClCompile>
    <ClCompile Include="tweener.c">
      <Filter>core\renderer\components</Filter>
    </ClCompile>
    <ClCompile Include="material.c">
      <Filter>core\renderer\components</Filter>
    </ClCompile>
    <ClCompile Include="square.c">
      <Filter>board_manager\zones_and_pieces</Filter>
    </ClCompile>
    <ClCompile Include="resource_manager.c">
      <Filter>core\resource_manager</Filter>
    </ClCompile>
    <ClCompile Include="card_render_data.c">
      <Filter>card_render_data</Filter>
    </ClCompile>
    <ClCompile Include="widget_style_sheet.c">
      <Filter>widgets</Filter>
    </ClCompile>
    <ClCompile Include="prototype_widget.c">
      <Filter>widgets\test_widgets</Filter>
    </ClCompile>
    <ClCompile Include="rectangle.c">
      <Filter>widgets\test_widgets</Filter>
    </ClCompile>
    <ClCompile Include="material_test.c">
      <Filter>widgets\test_widgets</Filter>
    </ClCompile>
    <ClCompile Include="button.c">
      <Filter>widgets\GUI</Filter>
    </ClCompile>
    <ClCompile Include="slider.c">
      <Filter>widgets\GUI</Filter>
    </ClCompile>
    <ClCompile Include="board_manager.c">
      <Filter>board_manager</Filter>
    </ClCompile>
    <ClCompile Include="selector.c" />
    <ClCompile Include="scheduler.c">
      <Filter>core\scheduler</Filter>
    </ClCompile>
    <ClCompile Include="particle.c">
      <Filter>core\particle</Filter>
    </ClCompile>
    <ClCompile Include="dynamic_text.c">
      <Filter>particles</Filter>
    </ClCompile>
    <ClCompile Include="dynamic_text_test.c">
      <Filter>widgets\test_widgets</Filter>
    </ClCompile>
    <ClCompile Include="text_entry.c">
      <Filter>widgets\GUI</Filter>
    </ClCompile>
  </ItemGroup>
  <ItemGroup>
    <ClInclude Include="renderer_interface.h">
      <Filter>core\renderer</Filter>
    </ClInclude>
    <ClInclude Include="thread_pool.h">
      <Filter>core\thread_pool</Filter>
    </ClInclude>
    <ClInclude Include="widget_interface.h">
      <Filter>core\widget_interface</Filter>
    </ClInclude>
    <ClInclude Include="lua\lapi.h">
      <Filter>core\lua</Filter>
    </ClInclude>
    <ClInclude Include="lua\lauxlib.h">
      <Filter>core\lua</Filter>
    </ClInclude>
    <ClInclude Include="lua\lcode.h">
      <Filter>core\lua</Filter>
    </ClInclude>
    <ClInclude Include="lua\lctype.h">
      <Filter>core\lua</Filter>
    </ClInclude>
    <ClInclude Include="lua\ldebug.h">
      <Filter>core\lua</Filter>
    </ClInclude>
    <ClInclude Include="lua\ldo.h">
      <Filter>core\lua</Filter>
    </ClInclude>
    <ClInclude Include="lua\lfunc.h">
      <Filter>core\lua</Filter>
    </ClInclude>
    <ClInclude Include="lua\lgc.h">
      <Filter>core\lua</Filter>
    </ClInclude>
    <ClInclude Include="lua\ljumptab.h">
      <Filter>core\lua</Filter>
    </ClInclude>
    <ClInclude Include="lua\llex.h">
      <Filter>core\lua</Filter>
    </ClInclude>
    <ClInclude Include="lua\llimits.h">
      <Filter>core\lua</Filter>
    </ClInclude>
    <ClInclude Include="lua\lmem.h">
      <Filter>core\lua</Filter>
    </ClInclude>
    <ClInclude Include="lua\lobject.h">
      <Filter>core\lua</Filter>
    </ClInclude>
    <ClInclude Include="lua\lopcodes.h">
      <Filter>core\lua</Filter>
    </ClInclude>
    <ClInclude Include="lua\lopnames.h">
      <Filter>core\lua</Filter>
    </ClInclude>
    <ClInclude Include="lua\lparser.h">
      <Filter>core\lua</Filter>
    </ClInclude>
    <ClInclude Include="lua\lprefix.h">
      <Filter>core\lua</Filter>
    </ClInclude>
    <ClInclude Include="lua\lstate.h">
      <Filter>core\lua</Filter>
    </ClInclude>
    <ClInclude Include="lua\lstring.h">
      <Filter>core\lua</Filter>
    </ClInclude>
    <ClInclude Include="lua\ltable.h">
      <Filter>core\lua</Filter>
    </ClInclude>
    <ClInclude Include="lua\ltm.h">
      <Filter>core\lua</Filter>
    </ClInclude>
    <ClInclude Include="lua\lua.h">
      <Filter>core\lua</Filter>
    </ClInclude>
    <ClInclude Include="lua\lua.hpp">
      <Filter>core\lua</Filter>
    </ClInclude>
    <ClInclude Include="lua\luaconf.h">
      <Filter>core\lua</Filter>
    </ClInclude>
    <ClInclude Include="lua\lualib.h">
      <Filter>core\lua</Filter>
    </ClInclude>
    <ClInclude Include="lua\lundump.h">
      <Filter>core\lua</Filter>
    </ClInclude>
    <ClInclude Include="lua\lvm.h">
      <Filter>core\lua</Filter>
    </ClInclude>
    <ClInclude Include="lua\lzio.h">
      <Filter>core\lua</Filter>
    </ClInclude>
    <ClInclude Include="hash.h">
      <Filter>core\hash</Filter>
    </ClInclude>
    <ClInclude Include="tweener.h">
      <Filter>core\renderer\components</Filter>
    </ClInclude>
    <ClInclude Include="resource_manager.h">
      <Filter>core\resource_manager</Filter>
    </ClInclude>
    <ClInclude Include="resource_manager_ids.h">
      <Filter>core\resource_manager</Filter>
    </ClInclude>
    <ClInclude Include="card_render_data.h">
      <Filter>card_render_data</Filter>
    </ClInclude>
    <ClInclude Include="widget_style_sheet.h">
      <Filter>widgets</Filter>
    </ClInclude>
    <ClInclude Include="material.h">
      <Filter>core\renderer\components</Filter>
    </ClInclude>
    <ClInclude Include="board_manager.h">
      <Filter>board_manager</Filter>
    </ClInclude>
    <ClInclude Include="scheduler.h">
      <Filter>core\scheduler</Filter>
    </ClInclude>
    <ClInclude Include="particle.h">
      <Filter>core\particle</Filter>
    </ClInclude>
    <ClInclude Include="dynamic_text.h">
      <Filter>particles</Filter>
    </ClInclude>
    <ClInclude Include="widget_interface_stddefs.h">
      <Filter>core\widget_interface</Filter>
    </ClInclude>
  </ItemGroup>
  <ItemGroup>
    <None Include="packages.config" />
    <None Include="config.lua">
      <Filter>scripts</Filter>
    </None>
    <None Include="boot.lua">
      <Filter>scripts</Filter>
    </None>
    <None Include="..\README.md" />
    <None Include="shaders\widget.frag">
      <Filter>core\widget_interface</Filter>
    </None>
    <None Include="shaders\widget.vert">
      <Filter>core\widget_interface</Filter>
    </None>
    <None Include="to-do.md" />
    <None Include="piece_manager.lua">
      <Filter>scripts\examples</Filter>
    </None>
    <None Include="example_workflow.lua">
      <Filter>scripts\examples</Filter>
    </None>
    <None Include="board_manager.lua">
      <Filter>scripts\examples</Filter>
    </None>
    <None Include="material_test.lua">
      <Filter>scripts\examples</Filter>
    </None>
    <None Include="shaders\main_renderer.vert">
      <Filter>core\renderer\components</Filter>
    </None>
    <None Include="shaders\main_renderer.frag">
      <Filter>core\renderer\components</Filter>
    </None>
  </ItemGroup>
  <ItemGroup>
    <Text Include="..\LICENSE.txt" />
  </ItemGroup>
</Project>